PODS:
  - custom_razorpay_flutter (0.0.1):
    - Flutter
  - Flutter (1.0.0)

DEPENDENCIES:
  - custom_razorpay_flutter (from `.symlinks/plugins/custom_razorpay_flutter/ios`)
  - Flutter (from `Flutter`)

EXTERNAL SOURCES:
  custom_razorpay_flutter:
    :path: ".symlinks/plugins/custom_razorpay_flutter/ios"
  Flutter:
    :path: Flutter

SPEC CHECKSUMS:
  custom_razorpay_flutter: 1e289146823a8222a2e2d9d4d6cb6ad3034d9f42
  Flutter: 434fef37c0980e73bb6479ef766c45957d4b510c

PODFILE CHECKSUM: e42018def564802936f839de881c11a341ca82f6

COCOAPODS: 1.10.1
